
Microsoft Visual Studio Solution File, Format Version 12.00
# Visual Studio 15
VisualStudioVersion = 15.0.27004.2009
MinimumVisualStudioVersion = 10.0.40219.1
Project("{FAE04EC0-301F-11D3-BF4B-00C04F79EFBC}") = "WebLibrary", "WebLibrary\WebLibrary.csproj", "{7050FB4A-792B-4DDB-9178-0F160EE4CA37}"
EndProject
Global
	GlobalSection(SolutionConfigurationPlatforms) = preSolution
		Debug|Any CPU = Debug|Any CPU
		Release|Any CPU = Release|Any CPU
	EndGlobalSection
	GlobalSection(ProjectConfigurationPlatforms) = postSolution
		{7050FB4A-792B-4DDB-9178-0F160EE4CA37}.Debug|Any CPU.ActiveCfg = Debug|Any CPU
		{7050FB4A-792B-4DDB-9178-0F160EE4CA37}.Debug|Any CPU.Build.0 = Debug|Any CPU
		{7050FB4A-792B-4DDB-9178-0F160EE4CA37}.Release|Any CPU.ActiveCfg = Release|Any CPU
		{7050FB4A-792B-4DDB-9178-0F160EE4CA37}.Release|Any CPU.Build.0 = Release|Any CPU
	EndGlobalSection
	GlobalSection(SolutionProperties) = preSolution
		HideSolutionNode = FALSE
	EndGlobalSection
	GlobalSection(ExtensibilityGlobals) = postSolution
		SolutionGuid = {551D6574-281B-4889-B6F4-E0B74FCBE600}
	EndGlobalSection
EndGlobal
